
Microsoft Visual Studio Solution File, Format Version 12.00
# Visual Studio Version 17
VisualStudioVersion = 17.1.32407.343
MinimumVisualStudioVersion = 10.0.40219.1
Project("{FAE04EC0-301F-11D3-BF4B-00C04F79EFBC}") = "AutomationTestsForAdvert", "AutomationTestsForAdvert.csproj", "{5CEB034E-DA3A-4E51-91F0-2CBEC25EE717}"
EndProject
Global
	GlobalSection(SolutionConfigurationPlatforms) = preSolution
		Debug|Any CPU = Debug|Any CPU
		Release|Any CPU = Release|Any CPU
	EndGlobalSection
	GlobalSection(ProjectConfigurationPlatforms) = postSolution
		{5CEB034E-DA3A-4E51-91F0-2CBEC25EE717}.Debug|Any CPU.ActiveCfg = Debug|Any CPU
		{5CEB034E-DA3A-4E51-91F0-2CBEC25EE717}.Debug|Any CPU.Build.0 = Debug|Any CPU
		{5CEB034E-DA3A-4E51-91F0-2CBEC25EE717}.Release|Any CPU.ActiveCfg = Release|Any CPU
		{5CEB034E-DA3A-4E51-91F0-2CBEC25EE717}.Release|Any CPU.Build.0 = Release|Any CPU
	EndGlobalSection
	GlobalSection(SolutionProperties) = preSolution
		HideSolutionNode = FALSE
	EndGlobalSection
	GlobalSection(ExtensibilityGlobals) = postSolution
		SolutionGuid = {B75F9E52-4C18-40C7-B36A-32C51C794F0F}
	EndGlobalSection
EndGlobal
